
Microsoft Visual Studio Solution File, Format Version 12.00
# Visual Studio Version 16
VisualStudioVersion = 16.0.30406.217
MinimumVisualStudioVersion = 10.0.40219.1
Project("{9A19103F-16F7-4668-BE54-9A1E7A4F7556}") = "GymTrackerModel", "GymTrackerA2\GymTrackerModel.csproj", "{75544BF5-1D09-4315-9CD6-3C16D0F33376}"
EndProject
Project("{9A19103F-16F7-4668-BE54-9A1E7A4F7556}") = "GymTrackerGUI", "GymTrackerA2WPFLayer\GymTrackerGUI.csproj", "{236D6E9E-4483-45DC-B606-DBF1EFC25CE0}"
EndProject
Project("{9A19103F-16F7-4668-BE54-9A1E7A4F7556}") = "GymTrackerBusiness", "BuisnessLayer\GymTrackerBusiness.csproj", "{7652FE81-5AA3-4E68-B3AD-CE27A2874F47}"
EndProject
Global
	GlobalSection(SolutionConfigurationPlatforms) = preSolution
		Debug|Any CPU = Debug|Any CPU
		Release|Any CPU = Release|Any CPU
	EndGlobalSection
	GlobalSection(ProjectConfigurationPlatforms) = postSolution
		{75544BF5-1D09-4315-9CD6-3C16D0F33376}.Debug|Any CPU.ActiveCfg = Debug|Any CPU
		{75544BF5-1D09-4315-9CD6-3C16D0F33376}.Debug|Any CPU.Build.0 = Debug|Any CPU
		{75544BF5-1D09-4315-9CD6-3C16D0F33376}.Release|Any CPU.ActiveCfg = Release|Any CPU
		{75544BF5-1D09-4315-9CD6-3C16D0F33376}.Release|Any CPU.Build.0 = Release|Any CPU
		{236D6E9E-4483-45DC-B606-DBF1EFC25CE0}.Debug|Any CPU.ActiveCfg = Debug|Any CPU
		{236D6E9E-4483-45DC-B606-DBF1EFC25CE0}.Debug|Any CPU.Build.0 = Debug|Any CPU
		{236D6E9E-4483-45DC-B606-DBF1EFC25CE0}.Release|Any CPU.ActiveCfg = Release|Any CPU
		{236D6E9E-4483-45DC-B606-DBF1EFC25CE0}.Release|Any CPU.Build.0 = Release|Any CPU
		{7652FE81-5AA3-4E68-B3AD-CE27A2874F47}.Debug|Any CPU.ActiveCfg = Debug|Any CPU
		{7652FE81-5AA3-4E68-B3AD-CE27A2874F47}.Debug|Any CPU.Build.0 = Debug|Any CPU
		{7652FE81-5AA3-4E68-B3AD-CE27A2874F47}.Release|Any CPU.ActiveCfg = Release|Any CPU
		{7652FE81-5AA3-4E68-B3AD-CE27A2874F47}.Release|Any CPU.Build.0 = Release|Any CPU
	EndGlobalSection
	GlobalSection(SolutionProperties) = preSolution
		HideSolutionNode = FALSE
	EndGlobalSection
	GlobalSection(ExtensibilityGlobals) = postSolution
		SolutionGuid = {EAD0282F-F0B8-40B4-8BEE-CDBF75230D55}
	EndGlobalSection
EndGlobal
